Microsoft Visual Studio Solution File, Format Version 12.00
# Visual Studio Version 17
VisualStudioVersion = 17.5.2.0
MinimumVisualStudioVersion = 10.0.40219.1
Project("{FAE04EC0-301F-11D3-BF4B-00C04F79EFBC}") = "Web_CuaHangCafe", "Web_CuaHangCafe.csproj", "{1807C041-9E14-E1E2-97E8-C54F28887D00}"
EndProject
Global
	GlobalSection(SolutionConfigurationPlatforms) = preSolution
		Debug|Any CPU = Debug|Any CPU
		Release|Any CPU = Release|Any CPU
	EndGlobalSection
	GlobalSection(ProjectConfigurationPlatforms) = postSolution
		{1807C041-9E14-E1E2-97E8-C54F28887D00}.Debug|Any CPU.ActiveCfg = Debug|Any CPU
		{1807C041-9E14-E1E2-97E8-C54F28887D00}.Debug|Any CPU.Build.0 = Debug|Any CPU
		{1807C041-9E14-E1E2-97E8-C54F28887D00}.Release|Any CPU.ActiveCfg = Release|Any CPU
		{1807C041-9E14-E1E2-97E8-C54F28887D00}.Release|Any CPU.Build.0 = Release|Any CPU
	EndGlobalSection
	GlobalSection(SolutionProperties) = preSolution
		HideSolutionNode = FALSE
	EndGlobalSection
	GlobalSection(ExtensibilityGlobals) = postSolution
		SolutionGuid = {3C66283D-3D28-4F11-84D1-C830BD013956}
	EndGlobalSection
EndGlobal
